// !$*UTF8*$!
{
	archiveVersion = 1;
	classes = {
	};
	objectVersion = 50;
	objects = {

/* Begin PBXBuildFile section */
		9F833B8BE494E3151FFA1224 /* Pods_BrakhQ.framework in Frameworks */ = {isa = PBXBuildFile; fileRef = 38A975B58F9094AC404F7D33 /* Pods_BrakhQ.framework */; };
		F301AB2322573DD800FA5412 /* AppDelegate.swift in Sources */ = {isa = PBXBuildFile; fileRef = F301AB2222573DD800FA5412 /* AppDelegate.swift */; };
		F301AB2522573DD800FA5412 /* StartViewController.swift in Sources */ = {isa = PBXBuildFile; fileRef = F301AB2422573DD800FA5412 /* StartViewController.swift */; };
		F301AB2822573DD800FA5412 /* Main.storyboard in Resources */ = {isa = PBXBuildFile; fileRef = F301AB2622573DD800FA5412 /* Main.storyboard */; };
		F301AB2A22573DDA00FA5412 /* Assets.xcassets in Resources */ = {isa = PBXBuildFile; fileRef = F301AB2922573DDA00FA5412 /* Assets.xcassets */; };
		F301AB2D22573DDA00FA5412 /* LaunchScreen.storyboard in Resources */ = {isa = PBXBuildFile; fileRef = F301AB2B22573DDA00FA5412 /* LaunchScreen.storyboard */; };
		F301AB3722573EB600FA5412 /* AuthenticationServices.framework in Frameworks */ = {isa = PBXBuildFile; fileRef = F301AB3622573EB600FA5412 /* AuthenticationServices.framework */; };
		F319F8D0225B8A67009DDA7B /* EventViewController.swift in Sources */ = {isa = PBXBuildFile; fileRef = F319F8CF225B8A67009DDA7B /* EventViewController.swift */; };
		F319F8DA225BC11C009DDA7B /* User.swift in Sources */ = {isa = PBXBuildFile; fileRef = F319F8D9225BC11C009DDA7B /* User.swift */; };
		F319F8DC225BC25E009DDA7B /* Queue.swift in Sources */ = {isa = PBXBuildFile; fileRef = F319F8DB225BC25E009DDA7B /* Queue.swift */; };
		F319F8DE225BCA23009DDA7B /* Place.swift in Sources */ = {isa = PBXBuildFile; fileRef = F319F8DD225BCA23009DDA7B /* Place.swift */; };
		F319F8E2225BCBB6009DDA7B /* Responses.swift in Sources */ = {isa = PBXBuildFile; fileRef = F319F8E1225BCBB6009DDA7B /* Responses.swift */; };
		F319F8EA225BD7F3009DDA7B /* LoginViewController.swift in Sources */ = {isa = PBXBuildFile; fileRef = F319F8E9225BD7F2009DDA7B /* LoginViewController.swift */; };
		F319F8FC225C9207009DDA7B /* WebSocketApi.swift in Sources */ = {isa = PBXBuildFile; fileRef = F319F8FB225C9207009DDA7B /* WebSocketApi.swift */; };
		F319F911225CABD3009DDA7B /* RegistrationViewController.swift in Sources */ = {isa = PBXBuildFile; fileRef = F319F910225CABD3009DDA7B /* RegistrationViewController.swift */; };
		F319F91D225CAC44009DDA7B /* SettingsViewController.swift in Sources */ = {isa = PBXBuildFile; fileRef = F319F91C225CAC44009DDA7B /* SettingsViewController.swift */; };
		F319F927225CAD97009DDA7B /* CreateEventViewController.swift in Sources */ = {isa = PBXBuildFile; fileRef = F319F926225CAD97009DDA7B /* CreateEventViewController.swift */; };
		F319F932225CAE2B009DDA7B /* EditEventViewController.swift in Sources */ = {isa = PBXBuildFile; fileRef = F319F931225CAE2B009DDA7B /* EditEventViewController.swift */; };
		F319F93D225CAF39009DDA7B /* EventCalendarViewController.swift in Sources */ = {isa = PBXBuildFile; fileRef = F319F93C225CAF39009DDA7B /* EventCalendarViewController.swift */; };
		F334BE1D2289663100BF811A /* VKViewController.swift in Sources */ = {isa = PBXBuildFile; fileRef = F334BE1C2289663100BF811A /* VKViewController.swift */; };
		F334BE242289FC8700BF811A /* Event.storyboard in Resources */ = {isa = PBXBuildFile; fileRef = F334BE262289FC8700BF811A /* Event.storyboard */; };
		F334BE2B2289FCB100BF811A /* QueueManager.storyboard in Resources */ = {isa = PBXBuildFile; fileRef = F334BE2D2289FCB100BF811A /* QueueManager.storyboard */; };
		F334BE322289FCCD00BF811A /* FailureInfoView.storyboard in Resources */ = {isa = PBXBuildFile; fileRef = F334BE342289FCCD00BF811A /* FailureInfoView.storyboard */; };
		F334BE392289FEE200BF811A /* Localizable.strings in Resources */ = {isa = PBXBuildFile; fileRef = F334BE3B2289FEE200BF811A /* Localizable.strings */; };
		F3711DA5228BF23000787AEC /* StoreKit.framework in Frameworks */ = {isa = PBXBuildFile; fileRef = F3711DA4228BF23000787AEC /* StoreKit.framework */; };
		F39EA397228D407E00C8584C /* WebKit.framework in Frameworks */ = {isa = PBXBuildFile; fileRef = F39EA396228D407E00C8584C /* WebKit.framework */; };
		F3A731C5227D9C000059233E /* EventCalendarNavigationController.swift in Sources */ = {isa = PBXBuildFile; fileRef = F3A731C4227D9C000059233E /* EventCalendarNavigationController.swift */; };
		F3A731C8227DADAD0059233E /* QueueManagerNavigationController.swift in Sources */ = {isa = PBXBuildFile; fileRef = F3A731C7227DADAD0059233E /* QueueManagerNavigationController.swift */; };
		F3A731CA227DADD50059233E /* QueueManagerViewController.swift in Sources */ = {isa = PBXBuildFile; fileRef = F3A731C9227DADD50059233E /* QueueManagerViewController.swift */; };
		F3A731CC227DADFB0059233E /* QueueManagerViewModel.swift in Sources */ = {isa = PBXBuildFile; fileRef = F3A731CB227DADFB0059233E /* QueueManagerViewModel.swift */; };
		F3A731D2227E26E70059233E /* UpdateProfileViewController.swift in Sources */ = {isa = PBXBuildFile; fileRef = F3A731D1227E26E70059233E /* UpdateProfileViewController.swift */; };
		F3A731D4227E26FA0059233E /* UpdateProfileViewModel.swift in Sources */ = {isa = PBXBuildFile; fileRef = F3A731D3227E26FA0059233E /* UpdateProfileViewModel.swift */; };
		F3A731D9227E3C760059233E /* EventTableViewCell.swift in Sources */ = {isa = PBXBuildFile; fileRef = F3A731D8227E3C760059233E /* EventTableViewCell.swift */; };
		F3A731E2227EDA300059233E /* UIViewControllerExt.swift in Sources */ = {isa = PBXBuildFile; fileRef = F3A731E1227EDA2F0059233E /* UIViewControllerExt.swift */; };
		F3A731E4227F10DA0059233E /* BrakhQLogoView.swift in Sources */ = {isa = PBXBuildFile; fileRef = F3A731E3227F10DA0059233E /* BrakhQLogoView.swift */; };
		F3A731E8227F68FA0059233E /* EventInfoViewController.swift in Sources */ = {isa = PBXBuildFile; fileRef = F3A731E7227F68FA0059233E /* EventInfoViewController.swift */; };
		F3A731EA227F70440059233E /* SiteTableViewCell.swift in Sources */ = {isa = PBXBuildFile; fileRef = F3A731E9227F70440059233E /* SiteTableViewCell.swift */; };
		F3A731ED227FADC60059233E /* AuthProvider.swift in Sources */ = {isa = PBXBuildFile; fileRef = F3A731EC227FADC60059233E /* AuthProvider.swift */; };
		F3A731EF227FADF00059233E /* QueueAPIProvider.swift in Sources */ = {isa = PBXBuildFile; fileRef = F3A731EE227FADF00059233E /* QueueAPIProvider.swift */; };
		F3A731F1227FAE060059233E /* UserAPIProvider.swift in Sources */ = {isa = PBXBuildFile; fileRef = F3A731F0227FAE060059233E /* UserAPIProvider.swift */; };
		F3A731F4227FAED00059233E /* AuthEnums.swift in Sources */ = {isa = PBXBuildFile; fileRef = F3A731F3227FAED00059233E /* AuthEnums.swift */; };
		F3A731F6227FAF6E0059233E /* QueueEnums.swift in Sources */ = {isa = PBXBuildFile; fileRef = F3A731F5227FAF6E0059233E /* QueueEnums.swift */; };
		F3A731F8227FAF7C0059233E /* FeedEnums.swift in Sources */ = {isa = PBXBuildFile; fileRef = F3A731F7227FAF7C0059233E /* FeedEnums.swift */; };
		F3B85776228C47AD00E5A383 /* NotificationsAPIProvider.swift in Sources */ = {isa = PBXBuildFile; fileRef = F3B85775228C47AD00E5A383 /* NotificationsAPIProvider.swift */; };
		F3CCDB1D228313900049AF51 /* FeedCashe.swift in Sources */ = {isa = PBXBuildFile; fileRef = F3CCDB1C228313900049AF51 /* FeedCashe.swift */; };
		F3CCDB1F2283161D0049AF51 /* QueueCashe.swift in Sources */ = {isa = PBXBuildFile; fileRef = F3CCDB1E2283161D0049AF51 /* QueueCashe.swift */; };
		F3CCDB21228316280049AF51 /* PlaceCashe.swift in Sources */ = {isa = PBXBuildFile; fileRef = F3CCDB20228316280049AF51 /* PlaceCashe.swift */; };
		F3CCDB232283163D0049AF51 /* UserCashe.swift in Sources */ = {isa = PBXBuildFile; fileRef = F3CCDB222283163D0049AF51 /* UserCashe.swift */; };
		F3CCDB26228334770049AF51 /* AuthManager.swift in Sources */ = {isa = PBXBuildFile; fileRef = F3CCDB25228334770049AF51 /* AuthManager.swift */; };
		F3CCDB2C22833FE80049AF51 /* FailureInfoView.swift in Sources */ = {isa = PBXBuildFile; fileRef = F3CCDB2A22833FE80049AF51 /* FailureInfoView.swift */; };
		F3CCDB2E2283460B0049AF51 /* DataManager.swift in Sources */ = {isa = PBXBuildFile; fileRef = F3CCDB2D2283460B0049AF51 /* DataManager.swift */; };
		F3D3164E2288350D005ED23E /* WSEnums.swift in Sources */ = {isa = PBXBuildFile; fileRef = F3D3164D2288350D005ED23E /* WSEnums.swift */; };
		F3D3165022883690005ED23E /* WebSockets.swift in Sources */ = {isa = PBXBuildFile; fileRef = F3D3164F22883690005ED23E /* WebSockets.swift */; };
		F3D316542288697D005ED23E /* StringExt.swift in Sources */ = {isa = PBXBuildFile; fileRef = F3D316532288697D005ED23E /* StringExt.swift */; };
		F3DB0F0422808A1B00A9F436 /* UserDefaultsEnums.swift in Sources */ = {isa = PBXBuildFile; fileRef = F3DB0F0322808A1B00A9F436 /* UserDefaultsEnums.swift */; };
		F3DB0F0622808D7100A9F436 /* LaunchViewController.swift in Sources */ = {isa = PBXBuildFile; fileRef = F3DB0F0522808D7100A9F436 /* LaunchViewController.swift */; };
		F3DB0F0B2280A35000A9F436 /* DateExt.swift in Sources */ = {isa = PBXBuildFile; fileRef = F3DB0F0A2280A35000A9F436 /* DateExt.swift */; };
		F3DB0F0D2280AC8B00A9F436 /* Token.swift in Sources */ = {isa = PBXBuildFile; fileRef = F3DB0F0C2280AC8A00A9F436 /* Token.swift */; };
		F3DE2E6222674B5D002E5810 /* EditEventViewModel.swift in Sources */ = {isa = PBXBuildFile; fileRef = F3DE2E6122674B5D002E5810 /* EditEventViewModel.swift */; };
		F3DE2E6622674B86002E5810 /* CreateEventViewModel.swift in Sources */ = {isa = PBXBuildFile; fileRef = F3DE2E6522674B86002E5810 /* CreateEventViewModel.swift */; };
		F3DE2E6E22674BCD002E5810 /* EventViewModel.swift in Sources */ = {isa = PBXBuildFile; fileRef = F3DE2E6D22674BCD002E5810 /* EventViewModel.swift */; };
		F3DE2E7222674BE9002E5810 /* RegistrationViewModel.swift in Sources */ = {isa = PBXBuildFile; fileRef = F3DE2E7122674BE9002E5810 /* RegistrationViewModel.swift */; };
		F3DE2E7622674C0D002E5810 /* LoginViewModel.swift in Sources */ = {isa = PBXBuildFile; fileRef = F3DE2E7522674C0D002E5810 /* LoginViewModel.swift */; };
		F3DE2E7A22674C26002E5810 /* SettingsViewModel.swift in Sources */ = {isa = PBXBuildFile; fileRef = F3DE2E7922674C26002E5810 /* SettingsViewModel.swift */; };
		F3DE2E7C22674C33002E5810 /* SettingsNavigationController.swift in Sources */ = {isa = PBXBuildFile; fileRef = F3DE2E7B22674C33002E5810 /* SettingsNavigationController.swift */; };
		F3DE78C7228A1BD0000B2DA8 /* EmptyBackgroundView.xib in Resources */ = {isa = PBXBuildFile; fileRef = F3DE78C9228A1BD0000B2DA8 /* EmptyBackgroundView.xib */; };
		F3DE78D0228A1C43000B2DA8 /* EmptyBackgroundView.swift in Sources */ = {isa = PBXBuildFile; fileRef = F3DE78CF228A1C43000B2DA8 /* EmptyBackgroundView.swift */; };
/* End PBXBuildFile section */

/* Begin PBXFileReference section */
		1532658E0D2CFF0A0B2CEADF /* Pods-BrakhQ.release.xcconfig */ = {isa = PBXFileReference; includeInIndex = 1; lastKnownFileType = text.xcconfig; name = "Pods-BrakhQ.release.xcconfig"; path = "Pods/Target Support Files/Pods-BrakhQ/Pods-BrakhQ.release.xcconfig"; sourceTree = "<group>"; };
		38A975B58F9094AC404F7D33 /* Pods_BrakhQ.framework */ = {isa = PBXFileReference; explicitFileType = wrapper.framework; includeInIndex = 0; path = Pods_BrakhQ.framework; sourceTree = BUILT_PRODUCTS_DIR; };
		3F35BB86130F88BD175FE96A /* Pods-BrakhQ.debug.xcconfig */ = {isa = PBXFileReference; includeInIndex = 1; lastKnownFileType = text.xcconfig; name = "Pods-BrakhQ.debug.xcconfig"; path = "Pods/Target Support Files/Pods-BrakhQ/Pods-BrakhQ.debug.xcconfig"; sourceTree = "<group>"; };
		F301AB1F22573DD800FA5412 /* BrakhQ.app */ = {isa = PBXFileReference; explicitFileType = wrapper.application; includeInIndex = 0; path = BrakhQ.app; sourceTree = BUILT_PRODUCTS_DIR; };
		F301AB2222573DD800FA5412 /* AppDelegate.swift */ = {isa = PBXFileReference; lastKnownFileType = sourcecode.swift; path = AppDelegate.swift; sourceTree = "<group>"; };
		F301AB2422573DD800FA5412 /* StartViewController.swift */ = {isa = PBXFileReference; lastKnownFileType = sourcecode.swift; path = StartViewController.swift; sourceTree = "<group>"; };
		F301AB2722573DD800FA5412 /* Base */ = {isa = PBXFileReference; lastKnownFileType = file.storyboard; name = Base; path = Base.lproj/Main.storyboard; sourceTree = "<group>"; };
		F301AB2922573DDA00FA5412 /* Assets.xcassets */ = {isa = PBXFileReference; lastKnownFileType = folder.assetcatalog; path = Assets.xcassets; sourceTree = "<group>"; };
		F301AB2C22573DDA00FA5412 /* Base */ = {isa = PBXFileReference; lastKnownFileType = file.storyboard; name = Base; path = Base.lproj/LaunchScreen.storyboard; sourceTree = "<group>"; };
		F301AB2E22573DDA00FA5412 /* Info.plist */ = {isa = PBXFileReference; lastKnownFileType = text.plist.xml; path = Info.plist; sourceTree = "<group>"; };
		F301AB3422573E6900FA5412 /* BrakhQ.entitlements */ = {isa = PBXFileReference; lastKnownFileType = text.plist.entitlements; path = BrakhQ.entitlements; sourceTree = "<group>"; };
		F301AB3622573EB600FA5412 /* AuthenticationServices.framework */ = {isa = PBXFileReference; lastKnownFileType = wrapper.framework; name = AuthenticationServices.framework; path = System/Library/Frameworks/AuthenticationServices.framework; sourceTree = SDKROOT; };
		F319F8CF225B8A67009DDA7B /* EventViewController.swift */ = {isa = PBXFileReference; lastKnownFileType = sourcecode.swift; path = EventViewController.swift; sourceTree = "<group>"; };
		F319F8D9225BC11C009DDA7B /* User.swift */ = {isa = PBXFileReference; lastKnownFileType = sourcecode.swift; path = User.swift; sourceTree = "<group>"; };
		F319F8DB225BC25E009DDA7B /* Queue.swift */ = {isa = PBXFileReference; lastKnownFileType = sourcecode.swift; path = Queue.swift; sourceTree = "<group>"; };
		F319F8DD225BCA23009DDA7B /* Place.swift */ = {isa = PBXFileReference; lastKnownFileType = sourcecode.swift; path = Place.swift; sourceTree = "<group>"; };
		F319F8E1225BCBB6009DDA7B /* Responses.swift */ = {isa = PBXFileReference; lastKnownFileType = sourcecode.swift; path = Responses.swift; sourceTree = "<group>"; };
		F319F8E9225BD7F2009DDA7B /* LoginViewController.swift */ = {isa = PBXFileReference; lastKnownFileType = sourcecode.swift; path = LoginViewController.swift; sourceTree = "<group>"; };
		F319F8FB225C9207009DDA7B /* WebSocketApi.swift */ = {isa = PBXFileReference; lastKnownFileType = sourcecode.swift; path = WebSocketApi.swift; sourceTree = "<group>"; };
		F319F910225CABD3009DDA7B /* RegistrationViewController.swift */ = {isa = PBXFileReference; lastKnownFileType = sourcecode.swift; path = RegistrationViewController.swift; sourceTree = "<group>"; };
		F319F91C225CAC44009DDA7B /* SettingsViewController.swift */ = {isa = PBXFileReference; lastKnownFileType = sourcecode.swift; path = SettingsViewController.swift; sourceTree = "<group>"; };
		F319F926225CAD97009DDA7B /* CreateEventViewController.swift */ = {isa = PBXFileReference; lastKnownFileType = sourcecode.swift; path = CreateEventViewController.swift; sourceTree = "<group>"; };
		F319F931225CAE2B009DDA7B /* EditEventViewController.swift */ = {isa = PBXFileReference; lastKnownFileType = sourcecode.swift; path = EditEventViewController.swift; sourceTree = "<group>"; };
		F319F93C225CAF39009DDA7B /* EventCalendarViewController.swift */ = {isa = PBXFileReference; lastKnownFileType = sourcecode.swift; path = EventCalendarViewController.swift; sourceTree = "<group>"; };
		F334BE1C2289663100BF811A /* VKViewController.swift */ = {isa = PBXFileReference; lastKnownFileType = sourcecode.swift; path = VKViewController.swift; sourceTree = "<group>"; };
		F334BE1F2289FC4300BF811A /* en */ = {isa = PBXFileReference; lastKnownFileType = text.plist.strings; name = en; path = en.lproj/LaunchScreen.strings; sourceTree = "<group>"; };
		F334BE202289FC5700BF811A /* ru */ = {isa = PBXFileReference; lastKnownFileType = text.plist.strings; name = ru; path = ru.lproj/Main.strings; sourceTree = "<group>"; };
		F334BE212289FC5700BF811A /* ru */ = {isa = PBXFileReference; lastKnownFileType = text.plist.strings; name = ru; path = ru.lproj/LaunchScreen.strings; sourceTree = "<group>"; };
		F334BE232289FC6A00BF811A /* en */ = {isa = PBXFileReference; lastKnownFileType = text.plist.strings; name = en; path = en.lproj/Main.strings; sourceTree = "<group>"; };
		F334BE252289FC8700BF811A /* Base */ = {isa = PBXFileReference; lastKnownFileType = file.storyboard; name = Base; path = Base.lproj/Event.storyboard; sourceTree = "<group>"; };
		F334BE282289FC9000BF811A /* ru */ = {isa = PBXFileReference; lastKnownFileType = text.plist.strings; name = ru; path = ru.lproj/Event.strings; sourceTree = "<group>"; };
		F334BE2A2289FC9A00BF811A /* en */ = {isa = PBXFileReference; lastKnownFileType = text.plist.strings; name = en; path = en.lproj/Event.strings; sourceTree = "<group>"; };
		F334BE2C2289FCB100BF811A /* Base */ = {isa = PBXFileReference; lastKnownFileType = file.storyboard; name = Base; path = Base.lproj/QueueManager.storyboard; sourceTree = "<group>"; };
		F334BE2F2289FCBC00BF811A /* ru */ = {isa = PBXFileReference; lastKnownFileType = text.plist.strings; name = ru; path = ru.lproj/QueueManager.strings; sourceTree = "<group>"; };
		F334BE312289FCC300BF811A /* en */ = {isa = PBXFileReference; lastKnownFileType = text.plist.strings; name = en; path = en.lproj/QueueManager.strings; sourceTree = "<group>"; };
		F334BE332289FCCD00BF811A /* Base */ = {isa = PBXFileReference; lastKnownFileType = file.storyboard; name = Base; path = Base.lproj/FailureInfoView.storyboard; sourceTree = "<group>"; };
		F334BE362289FCD300BF811A /* ru */ = {isa = PBXFileReference; lastKnownFileType = text.plist.strings; name = ru; path = ru.lproj/FailureInfoView.strings; sourceTree = "<group>"; };
		F334BE382289FCDF00BF811A /* en */ = {isa = PBXFileReference; lastKnownFileType = text.plist.strings; name = en; path = en.lproj/FailureInfoView.strings; sourceTree = "<group>"; };
		F334BE3A2289FEE200BF811A /* en */ = {isa = PBXFileReference; lastKnownFileType = text.plist.strings; name = en; path = en.lproj/Localizable.strings; sourceTree = "<group>"; };
		F334BE3C2289FEE500BF811A /* ru */ = {isa = PBXFileReference; lastKnownFileType = text.plist.strings; name = ru; path = ru.lproj/Localizable.strings; sourceTree = "<group>"; };
		F3711DA4228BF23000787AEC /* StoreKit.framework */ = {isa = PBXFileReference; lastKnownFileType = wrapper.framework; name = StoreKit.framework; path = System/Library/Frameworks/StoreKit.framework; sourceTree = SDKROOT; };
		F39EA396228D407E00C8584C /* WebKit.framework */ = {isa = PBXFileReference; lastKnownFileType = wrapper.framework; name = WebKit.framework; path = System/Library/Frameworks/WebKit.framework; sourceTree = SDKROOT; };
		F3A731C4227D9C000059233E /* EventCalendarNavigationController.swift */ = {isa = PBXFileReference; lastKnownFileType = sourcecode.swift; path = EventCalendarNavigationController.swift; sourceTree = "<group>"; };
		F3A731C7227DADAD0059233E /* QueueManagerNavigationController.swift */ = {isa = PBXFileReference; lastKnownFileType = sourcecode.swift; path = QueueManagerNavigationController.swift; sourceTree = "<group>"; };
		F3A731C9227DADD50059233E /* QueueManagerViewController.swift */ = {isa = PBXFileReference; lastKnownFileType = sourcecode.swift; path = QueueManagerViewController.swift; sourceTree = "<group>"; };
		F3A731CB227DADFB0059233E /* QueueManagerViewModel.swift */ = {isa = PBXFileReference; lastKnownFileType = sourcecode.swift; path = QueueManagerViewModel.swift; sourceTree = "<group>"; };
		F3A731D1227E26E70059233E /* UpdateProfileViewController.swift */ = {isa = PBXFileReference; lastKnownFileType = sourcecode.swift; path = UpdateProfileViewController.swift; sourceTree = "<group>"; };
		F3A731D3227E26FA0059233E /* UpdateProfileViewModel.swift */ = {isa = PBXFileReference; lastKnownFileType = sourcecode.swift; path = UpdateProfileViewModel.swift; sourceTree = "<group>"; };
		F3A731D8227E3C760059233E /* EventTableViewCell.swift */ = {isa = PBXFileReference; lastKnownFileType = sourcecode.swift; path = EventTableViewCell.swift; sourceTree = "<group>"; };
		F3A731E1227EDA2F0059233E /* UIViewControllerExt.swift */ = {isa = PBXFileReference; lastKnownFileType = sourcecode.swift; path = UIViewControllerExt.swift; sourceTree = "<group>"; };
		F3A731E3227F10DA0059233E /* BrakhQLogoView.swift */ = {isa = PBXFileReference; lastKnownFileType = sourcecode.swift; path = BrakhQLogoView.swift; sourceTree = "<group>"; };
		F3A731E7227F68FA0059233E /* EventInfoViewController.swift */ = {isa = PBXFileReference; lastKnownFileType = sourcecode.swift; path = EventInfoViewController.swift; sourceTree = "<group>"; };
		F3A731E9227F70440059233E /* SiteTableViewCell.swift */ = {isa = PBXFileReference; lastKnownFileType = sourcecode.swift; path = SiteTableViewCell.swift; sourceTree = "<group>"; };
		F3A731EC227FADC60059233E /* AuthProvider.swift */ = {isa = PBXFileReference; lastKnownFileType = sourcecode.swift; path = AuthProvider.swift; sourceTree = "<group>"; };
		F3A731EE227FADF00059233E /* QueueAPIProvider.swift */ = {isa = PBXFileReference; lastKnownFileType = sourcecode.swift; path = QueueAPIProvider.swift; sourceTree = "<group>"; };
		F3A731F0227FAE060059233E /* UserAPIProvider.swift */ = {isa = PBXFileReference; lastKnownFileType = sourcecode.swift; path = UserAPIProvider.swift; sourceTree = "<group>"; };
		F3A731F3227FAED00059233E /* AuthEnums.swift */ = {isa = PBXFileReference; lastKnownFileType = sourcecode.swift; path = AuthEnums.swift; sourceTree = "<group>"; };
		F3A731F5227FAF6E0059233E /* QueueEnums.swift */ = {isa = PBXFileReference; lastKnownFileType = sourcecode.swift; path = QueueEnums.swift; sourceTree = "<group>"; };
		F3A731F7227FAF7C0059233E /* FeedEnums.swift */ = {isa = PBXFileReference; lastKnownFileType = sourcecode.swift; path = FeedEnums.swift; sourceTree = "<group>"; };
		F3B85775228C47AD00E5A383 /* NotificationsAPIProvider.swift */ = {isa = PBXFileReference; lastKnownFileType = sourcecode.swift; path = NotificationsAPIProvider.swift; sourceTree = "<group>"; };
		F3CCDB1C228313900049AF51 /* FeedCashe.swift */ = {isa = PBXFileReference; lastKnownFileType = sourcecode.swift; path = FeedCashe.swift; sourceTree = "<group>"; };
		F3CCDB1E2283161D0049AF51 /* QueueCashe.swift */ = {isa = PBXFileReference; lastKnownFileType = sourcecode.swift; path = QueueCashe.swift; sourceTree = "<group>"; };
		F3CCDB20228316280049AF51 /* PlaceCashe.swift */ = {isa = PBXFileReference; lastKnownFileType = sourcecode.swift; path = PlaceCashe.swift; sourceTree = "<group>"; };
		F3CCDB222283163D0049AF51 /* UserCashe.swift */ = {isa = PBXFileReference; lastKnownFileType = sourcecode.swift; path = UserCashe.swift; sourceTree = "<group>"; };
		F3CCDB25228334770049AF51 /* AuthManager.swift */ = {isa = PBXFileReference; lastKnownFileType = sourcecode.swift; path = AuthManager.swift; sourceTree = "<group>"; };
		F3CCDB2A22833FE80049AF51 /* FailureInfoView.swift */ = {isa = PBXFileReference; fileEncoding = 4; lastKnownFileType = sourcecode.swift; path = FailureInfoView.swift; sourceTree = "<group>"; };
		F3CCDB2D2283460B0049AF51 /* DataManager.swift */ = {isa = PBXFileReference; lastKnownFileType = sourcecode.swift; path = DataManager.swift; sourceTree = "<group>"; };
		F3D3164D2288350D005ED23E /* WSEnums.swift */ = {isa = PBXFileReference; lastKnownFileType = sourcecode.swift; path = WSEnums.swift; sourceTree = "<group>"; };
		F3D3164F22883690005ED23E /* WebSockets.swift */ = {isa = PBXFileReference; lastKnownFileType = sourcecode.swift; path = WebSockets.swift; sourceTree = "<group>"; };
		F3D316532288697D005ED23E /* StringExt.swift */ = {isa = PBXFileReference; lastKnownFileType = sourcecode.swift; path = StringExt.swift; sourceTree = "<group>"; };
		F3DB0F0322808A1B00A9F436 /* UserDefaultsEnums.swift */ = {isa = PBXFileReference; lastKnownFileType = sourcecode.swift; path = UserDefaultsEnums.swift; sourceTree = "<group>"; };
		F3DB0F0522808D7100A9F436 /* LaunchViewController.swift */ = {isa = PBXFileReference; lastKnownFileType = sourcecode.swift; path = LaunchViewController.swift; sourceTree = "<group>"; };
		F3DB0F0A2280A35000A9F436 /* DateExt.swift */ = {isa = PBXFileReference; lastKnownFileType = sourcecode.swift; path = DateExt.swift; sourceTree = "<group>"; };
		F3DB0F0C2280AC8A00A9F436 /* Token.swift */ = {isa = PBXFileReference; lastKnownFileType = sourcecode.swift; path = Token.swift; sourceTree = "<group>"; };
		F3DE2E6122674B5D002E5810 /* EditEventViewModel.swift */ = {isa = PBXFileReference; lastKnownFileType = sourcecode.swift; path = EditEventViewModel.swift; sourceTree = "<group>"; };
		F3DE2E6522674B86002E5810 /* CreateEventViewModel.swift */ = {isa = PBXFileReference; lastKnownFileType = sourcecode.swift; path = CreateEventViewModel.swift; sourceTree = "<group>"; };
		F3DE2E6D22674BCD002E5810 /* EventViewModel.swift */ = {isa = PBXFileReference; lastKnownFileType = sourcecode.swift; path = EventViewModel.swift; sourceTree = "<group>"; };
		F3DE2E7122674BE9002E5810 /* RegistrationViewModel.swift */ = {isa = PBXFileReference; lastKnownFileType = sourcecode.swift; path = RegistrationViewModel.swift; sourceTree = "<group>"; };
		F3DE2E7522674C0D002E5810 /* LoginViewModel.swift */ = {isa = PBXFileReference; lastKnownFileType = sourcecode.swift; path = LoginViewModel.swift; sourceTree = "<group>"; };
		F3DE2E7922674C26002E5810 /* SettingsViewModel.swift */ = {isa = PBXFileReference; lastKnownFileType = sourcecode.swift; path = SettingsViewModel.swift; sourceTree = "<group>"; };
		F3DE2E7B22674C33002E5810 /* SettingsNavigationController.swift */ = {isa = PBXFileReference; lastKnownFileType = sourcecode.swift; path = SettingsNavigationController.swift; sourceTree = "<group>"; };
		F3DE78C8228A1BD0000B2DA8 /* Base */ = {isa = PBXFileReference; lastKnownFileType = file.xib; name = Base; path = Base.lproj/EmptyBackgroundView.xib; sourceTree = "<group>"; };
		F3DE78CB228A1BD3000B2DA8 /* en */ = {isa = PBXFileReference; lastKnownFileType = text.plist.strings; name = en; path = en.lproj/EmptyBackgroundView.strings; sourceTree = "<group>"; };
		F3DE78CD228A1BD5000B2DA8 /* ru */ = {isa = PBXFileReference; lastKnownFileType = text.plist.strings; name = ru; path = ru.lproj/EmptyBackgroundView.strings; sourceTree = "<group>"; };
		F3DE78CF228A1C43000B2DA8 /* EmptyBackgroundView.swift */ = {isa = PBXFileReference; lastKnownFileType = sourcecode.swift; path = EmptyBackgroundView.swift; sourceTree = "<group>"; };
/* End PBXFileReference section */

/* Begin PBXFrameworksBuildPhase section */
		F301AB1C22573DD800FA5412 /* Frameworks */ = {
			isa = PBXFrameworksBuildPhase;
			buildActionMask = 2147483647;
			files = (
				F39EA397228D407E00C8584C /* WebKit.framework in Frameworks */,
				F3711DA5228BF23000787AEC /* StoreKit.framework in Frameworks */,
				F301AB3722573EB600FA5412 /* AuthenticationServices.framework in Frameworks */,
				9F833B8BE494E3151FFA1224 /* Pods_BrakhQ.framework in Frameworks */,
			);
			runOnlyForDeploymentPostprocessing = 0;
		};
/* End PBXFrameworksBuildPhase section */

/* Begin PBXGroup section */
		ACDCCABE724230E1691A1674 /* Pods */ = {
			isa = PBXGroup;
			children = (
				3F35BB86130F88BD175FE96A /* Pods-BrakhQ.debug.xcconfig */,
				1532658E0D2CFF0A0B2CEADF /* Pods-BrakhQ.release.xcconfig */,
			);
			name = Pods;
			sourceTree = "<group>";
		};
		F301AB1622573DD800FA5412 = {
			isa = PBXGroup;
			children = (
				F301AB2122573DD800FA5412 /* BrakhQ */,
				F301AB2022573DD800FA5412 /* Products */,
				F301AB3522573EB600FA5412 /* Frameworks */,
				ACDCCABE724230E1691A1674 /* Pods */,
			);
			sourceTree = "<group>";
		};
		F301AB2022573DD800FA5412 /* Products */ = {
			isa = PBXGroup;
			children = (
				F301AB1F22573DD800FA5412 /* BrakhQ.app */,
			);
			name = Products;
			sourceTree = "<group>";
		};
		F301AB2122573DD800FA5412 /* BrakhQ */ = {
			isa = PBXGroup;
			children = (
				F301AB3422573E6900FA5412 /* BrakhQ.entitlements */,
				F301AB2222573DD800FA5412 /* AppDelegate.swift */,
				F3A731E0227EDA1D0059233E /* Extensions */,
				F3DE2E5B226748CA002E5810 /* Models */,
				F3DE2E5C226748D1002E5810 /* Networking */,
				F36DB3E12258A6D2002A8B71 /* Scenes */,
				F36DB3E22258A6E1002A8B71 /* Resources */,
				F301AB2622573DD800FA5412 /* Main.storyboard */,
				F301AB2B22573DDA00FA5412 /* LaunchScreen.storyboard */,
				F301AB2E22573DDA00FA5412 /* Info.plist */,
			);
			path = BrakhQ;
			sourceTree = "<group>";
		};
		F301AB3522573EB600FA5412 /* Frameworks */ = {
			isa = PBXGroup;
			children = (
				F39EA396228D407E00C8584C /* WebKit.framework */,
				F3711DA4228BF23000787AEC /* StoreKit.framework */,
				F301AB3622573EB600FA5412 /* AuthenticationServices.framework */,
				38A975B58F9094AC404F7D33 /* Pods_BrakhQ.framework */,
			);
			name = Frameworks;
			sourceTree = "<group>";
		};
		F319F8CE225B89FF009DDA7B /* Event */ = {
			isa = PBXGroup;
			children = (
				F319F8CF225B8A67009DDA7B /* EventViewController.swift */,
				F3A731E7227F68FA0059233E /* EventInfoViewController.swift */,
				F334BE262289FC8700BF811A /* Event.storyboard */,
				F3DE2E6D22674BCD002E5810 /* EventViewModel.swift */,
			);
			path = Event;
			sourceTree = "<group>";
		};
		F319F8E5225BD2CC009DDA7B /* AppEntry */ = {
			isa = PBXGroup;
			children = (
				F3DE2E7D22674C97002E5810 /* Start */,
				F319F8E8225BD33F009DDA7B /* Registration */,
				F319F8E7225BD339009DDA7B /* Login */,
			);
			path = AppEntry;
			sourceTree = "<group>";
		};
		F319F8E7225BD339009DDA7B /* Login */ = {
			isa = PBXGroup;
			children = (
				F319F8E9225BD7F2009DDA7B /* LoginViewController.swift */,
				F3DE2E7522674C0D002E5810 /* LoginViewModel.swift */,
				F334BE1C2289663100BF811A /* VKViewController.swift */,
			);
			path = Login;
			sourceTree = "<group>";
		};
		F319F8E8225BD33F009DDA7B /* Registration */ = {
			isa = PBXGroup;
			children = (
				F319F910225CABD3009DDA7B /* RegistrationViewController.swift */,
				F3DE2E7122674BE9002E5810 /* RegistrationViewModel.swift */,
			);
			path = Registration;
			sourceTree = "<group>";
		};
		F319F90F225CABA5009DDA7B /* Settings */ = {
			isa = PBXGroup;
			children = (
				F3A731D0227DDDA40059233E /* UpdateProfile */,
				F3DE2E7B22674C33002E5810 /* SettingsNavigationController.swift */,
				F319F91C225CAC44009DDA7B /* SettingsViewController.swift */,
				F3DE2E7922674C26002E5810 /* SettingsViewModel.swift */,
			);
			path = Settings;
			sourceTree = "<group>";
		};
		F319F924225CAD47009DDA7B /* Events */ = {
			isa = PBXGroup;
			children = (
				F319F930225CAE1A009DDA7B /* EditEvent */,
				F319F925225CAD5D009DDA7B /* CreateEvent */,
				F319F8CE225B89FF009DDA7B /* Event */,
			);
			path = Events;
			sourceTree = "<group>";
		};
		F319F925225CAD5D009DDA7B /* CreateEvent */ = {
			isa = PBXGroup;
			children = (
				F319F926225CAD97009DDA7B /* CreateEventViewController.swift */,
				F3DE2E6522674B86002E5810 /* CreateEventViewModel.swift */,
			);
			path = CreateEvent;
			sourceTree = "<group>";
		};
		F319F930225CAE1A009DDA7B /* EditEvent */ = {
			isa = PBXGroup;
			children = (
				F319F931225CAE2B009DDA7B /* EditEventViewController.swift */,
				F3DE2E6122674B5D002E5810 /* EditEventViewModel.swift */,
			);
			path = EditEvent;
			sourceTree = "<group>";
		};
		F319F93B225CAF23009DDA7B /* Calendar */ = {
			isa = PBXGroup;
			children = (
				F319F93C225CAF39009DDA7B /* EventCalendarViewController.swift */,
				F3A731C4227D9C000059233E /* EventCalendarNavigationController.swift */,
			);
			path = Calendar;
			sourceTree = "<group>";
		};
		F36DB3DD2258A673002A8B71 /* APIs */ = {
			isa = PBXGroup;
			children = (
				F36DB3DE2258A67D002A8B71 /* Entities */,
				F319F8E1225BCBB6009DDA7B /* Responses.swift */,
				F319F8FB225C9207009DDA7B /* WebSocketApi.swift */,
			);
			name = APIs;
			path = ../Networking/APIs;
			sourceTree = "<group>";
		};
		F36DB3DE2258A67D002A8B71 /* Entities */ = {
			isa = PBXGroup;
			children = (
				F319F8D9225BC11C009DDA7B /* User.swift */,
				F319F8DB225BC25E009DDA7B /* Queue.swift */,
				F319F8DD225BCA23009DDA7B /* Place.swift */,
				F3DB0F0C2280AC8A00A9F436 /* Token.swift */,
			);
			path = Entities;
			sourceTree = "<group>";
		};
		F36DB3E12258A6D2002A8B71 /* Scenes */ = {
			isa = PBXGroup;
			children = (
				F3A731D7227E3C440059233E /* CustomVIews */,
				F3A731C6227DAD650059233E /* QueueManager */,
				F319F93B225CAF23009DDA7B /* Calendar */,
				F319F924225CAD47009DDA7B /* Events */,
				F319F8E5225BD2CC009DDA7B /* AppEntry */,
				F319F90F225CABA5009DDA7B /* Settings */,
			);
			path = Scenes;
			sourceTree = "<group>";
		};
		F36DB3E22258A6E1002A8B71 /* Resources */ = {
			isa = PBXGroup;
			children = (
				F301AB2922573DDA00FA5412 /* Assets.xcassets */,
				F334BE3B2289FEE200BF811A /* Localizable.strings */,
			);
			path = Resources;
			sourceTree = "<group>";
		};
		F3A731C6227DAD650059233E /* QueueManager */ = {
			isa = PBXGroup;
			children = (
				F3A731C7227DADAD0059233E /* QueueManagerNavigationController.swift */,
				F334BE2D2289FCB100BF811A /* QueueManager.storyboard */,
				F3A731C9227DADD50059233E /* QueueManagerViewController.swift */,
				F3A731CB227DADFB0059233E /* QueueManagerViewModel.swift */,
			);
			path = QueueManager;
			sourceTree = "<group>";
		};
		F3A731D0227DDDA40059233E /* UpdateProfile */ = {
			isa = PBXGroup;
			children = (
				F3A731D1227E26E70059233E /* UpdateProfileViewController.swift */,
				F3A731D3227E26FA0059233E /* UpdateProfileViewModel.swift */,
			);
			path = UpdateProfile;
			sourceTree = "<group>";
		};
		F3A731D7227E3C440059233E /* CustomVIews */ = {
			isa = PBXGroup;
			children = (
				F3DE78CE228A1C21000B2DA8 /* EmptyBackground */,
				F334BE342289FCCD00BF811A /* FailureInfoView.storyboard */,
				F3CCDB2A22833FE80049AF51 /* FailureInfoView.swift */,
				F3A731D8227E3C760059233E /* EventTableViewCell.swift */,
				F3A731E9227F70440059233E /* SiteTableViewCell.swift */,
				F3A731E3227F10DA0059233E /* BrakhQLogoView.swift */,
			);
			path = CustomVIews;
			sourceTree = "<group>";
		};
		F3A731E0227EDA1D0059233E /* Extensions */ = {
			isa = PBXGroup;
			children = (
				F3A731E1227EDA2F0059233E /* UIViewControllerExt.swift */,
				F3DB0F0A2280A35000A9F436 /* DateExt.swift */,
				F3D316532288697D005ED23E /* StringExt.swift */,
			);
			path = Extensions;
			sourceTree = "<group>";
		};
		F3A731EB227FADA00059233E /* Providers */ = {
			isa = PBXGroup;
			children = (
				F3A731EC227FADC60059233E /* AuthProvider.swift */,
				F3B85775228C47AD00E5A383 /* NotificationsAPIProvider.swift */,
				F3A731EE227FADF00059233E /* QueueAPIProvider.swift */,
				F3A731F0227FAE060059233E /* UserAPIProvider.swift */,
			);
			path = Providers;
			sourceTree = "<group>";
		};
		F3A731F2227FAEBD0059233E /* Enums */ = {
			isa = PBXGroup;
			children = (
				F3A731F3227FAED00059233E /* AuthEnums.swift */,
				F3A731F5227FAF6E0059233E /* QueueEnums.swift */,
				F3A731F7227FAF7C0059233E /* FeedEnums.swift */,
				F3DB0F0322808A1B00A9F436 /* UserDefaultsEnums.swift */,
				F3D3164D2288350D005ED23E /* WSEnums.swift */,
			);
			path = Enums;
			sourceTree = "<group>";
		};
		F3CCDB1B228313740049AF51 /* Data */ = {
			isa = PBXGroup;
			children = (
				F3CCDB1C228313900049AF51 /* FeedCashe.swift */,
				F3CCDB1E2283161D0049AF51 /* QueueCashe.swift */,
				F3CCDB20228316280049AF51 /* PlaceCashe.swift */,
				F3CCDB222283163D0049AF51 /* UserCashe.swift */,
				F3CCDB2D2283460B0049AF51 /* DataManager.swift */,
			);
			path = Data;
			sourceTree = "<group>";
		};
		F3CCDB24228334660049AF51 /* Auth */ = {
			isa = PBXGroup;
			children = (
				F3CCDB25228334770049AF51 /* AuthManager.swift */,
			);
			path = Auth;
			sourceTree = "<group>";
		};
		F3DE2E5B226748CA002E5810 /* Models */ = {
			isa = PBXGroup;
			children = (
				F3CCDB24228334660049AF51 /* Auth */,
				F3CCDB1B228313740049AF51 /* Data */,
				F36DB3DD2258A673002A8B71 /* APIs */,
				F3A731F2227FAEBD0059233E /* Enums */,
			);
			path = Models;
			sourceTree = "<group>";
		};
		F3DE2E5C226748D1002E5810 /* Networking */ = {
			isa = PBXGroup;
			children = (
				F3A731EB227FADA00059233E /* Providers */,
				F3D3164F22883690005ED23E /* WebSockets.swift */,
			);
			path = Networking;
			sourceTree = "<group>";
		};
		F3DE2E7D22674C97002E5810 /* Start */ = {
			isa = PBXGroup;
			children = (
				F301AB2422573DD800FA5412 /* StartViewController.swift */,
				F3DB0F0522808D7100A9F436 /* LaunchViewController.swift */,
			);
			path = Start;
			sourceTree = "<group>";
		};
		F3DE78CE228A1C21000B2DA8 /* EmptyBackground */ = {
			isa = PBXGroup;
			children = (
				F3DE78C9228A1BD0000B2DA8 /* EmptyBackgroundView.xib */,
				F3DE78CF228A1C43000B2DA8 /* EmptyBackgroundView.swift */,
			);
			path = EmptyBackground;
			sourceTree = "<group>";
		};
/* End PBXGroup section */

/* Begin PBXNativeTarget section */
		F301AB1E22573DD800FA5412 /* BrakhQ */ = {
			isa = PBXNativeTarget;
			buildConfigurationList = F301AB3122573DDA00FA5412 /* Build configuration list for PBXNativeTarget "BrakhQ" */;
			buildPhases = (
				3CE4431A27476D8272803A30 /* [CP] Check Pods Manifest.lock */,
				F301AB1B22573DD800FA5412 /* Sources */,
				F301AB1C22573DD800FA5412 /* Frameworks */,
				F301AB1D22573DD800FA5412 /* Resources */,
				2DC8E69E82D067AC58BADFAE /* [CP] Embed Pods Frameworks */,
			);
			buildRules = (
			);
			dependencies = (
			);
			name = BrakhQ;
			productName = BrakhQ;
			productReference = F301AB1F22573DD800FA5412 /* BrakhQ.app */;
			productType = "com.apple.product-type.application";
		};
/* End PBXNativeTarget section */

/* Begin PBXProject section */
		F301AB1722573DD800FA5412 /* Project object */ = {
			isa = PBXProject;
			attributes = {
				LastSwiftUpdateCheck = 1020;
				LastUpgradeCheck = 1020;
				ORGANIZATIONNAME = brakhmen;
				TargetAttributes = {
					F301AB1E22573DD800FA5412 = {
						CreatedOnToolsVersion = 10.2;
						SystemCapabilities = {
							com.apple.AutoFillCredentialProvider = {
								enabled = 1;
							};
							com.apple.BackgroundModes = {
								enabled = 1;
							};
							com.apple.DataProtection = {
								enabled = 0;
							};
							com.apple.InAppPurchase = {
								enabled = 1;
							};
							com.apple.Push = {
								enabled = 1;
							};
							com.apple.SafariKeychain = {
								enabled = 0;
							};
						};
					};
				};
			};
			buildConfigurationList = F301AB1A22573DD800FA5412 /* Build configuration list for PBXProject "BrakhQ" */;
			compatibilityVersion = "Xcode 9.3";
			developmentRegion = en;
			hasScannedForEncodings = 0;
			knownRegions = (
				en,
				Base,
				ru,
			);
			mainGroup = F301AB1622573DD800FA5412;
			productRefGroup = F301AB2022573DD800FA5412 /* Products */;
			projectDirPath = "";
			projectRoot = "";
			targets = (
				F301AB1E22573DD800FA5412 /* BrakhQ */,
			);
		};
/* End PBXProject section */

/* Begin PBXResourcesBuildPhase section */
		F301AB1D22573DD800FA5412 /* Resources */ = {
			isa = PBXResourcesBuildPhase;
			buildActionMask = 2147483647;
			files = (
				F301AB2D22573DDA00FA5412 /* LaunchScreen.storyboard in Resources */,
				F334BE392289FEE200BF811A /* Localizable.strings in Resources */,
				F3DE78C7228A1BD0000B2DA8 /* EmptyBackgroundView.xib in Resources */,
				F334BE2B2289FCB100BF811A /* QueueManager.storyboard in Resources */,
				F301AB2A22573DDA00FA5412 /* Assets.xcassets in Resources */,
				F301AB2822573DD800FA5412 /* Main.storyboard in Resources */,
				F334BE242289FC8700BF811A /* Event.storyboard in Resources */,
				F334BE322289FCCD00BF811A /* FailureInfoView.storyboard in Resources */,
			);
			runOnlyForDeploymentPostprocessing = 0;
		};
/* End PBXResourcesBuildPhase section */

/* Begin PBXShellScriptBuildPhase section */
		2DC8E69E82D067AC58BADFAE /* [CP] Embed Pods Frameworks */ = {
			isa = PBXShellScriptBuildPhase;
			buildActionMask = 2147483647;
			files = (
			);
			inputFileListPaths = (
			);
			inputPaths = (
				"${SRCROOT}/Pods/Target Support Files/Pods-BrakhQ/Pods-BrakhQ-frameworks.sh",
				"${BUILT_PRODUCTS_DIR}/Alamofire/Alamofire.framework",
				"${BUILT_PRODUCTS_DIR}/CalendarKit/CalendarKit.framework",
				"${BUILT_PRODUCTS_DIR}/DataCache/DataCache.framework",
				"${BUILT_PRODUCTS_DIR}/DateToolsSwift/DateToolsSwift.framework",
				"${BUILT_PRODUCTS_DIR}/Eureka/Eureka.framework",
				"${BUILT_PRODUCTS_DIR}/KeychainSwift/KeychainSwift.framework",
				"${BUILT_PRODUCTS_DIR}/Moya/Moya.framework",
				"${BUILT_PRODUCTS_DIR}/Neon/Neon.framework",
				"${BUILT_PRODUCTS_DIR}/Result/Result.framework",
				"${BUILT_PRODUCTS_DIR}/Starscream/Starscream.framework",
			);
			name = "[CP] Embed Pods Frameworks";
			outputFileListPaths = (
			);
			outputPaths = (
				"${TARGET_BUILD_DIR}/${FRAMEWORKS_FOLDER_PATH}/Alamofire.framework",
				"${TARGET_BUILD_DIR}/${FRAMEWORKS_FOLDER_PATH}/CalendarKit.framework",
				"${TARGET_BUILD_DIR}/${FRAMEWORKS_FOLDER_PATH}/DataCache.framework",
				"${TARGET_BUILD_DIR}/${FRAMEWORKS_FOLDER_PATH}/DateToolsSwift.framework",
				"${TARGET_BUILD_DIR}/${FRAMEWORKS_FOLDER_PATH}/Eureka.framework",
				"${TARGET_BUILD_DIR}/${FRAMEWORKS_FOLDER_PATH}/KeychainSwift.framework",
				"${TARGET_BUILD_DIR}/${FRAMEWORKS_FOLDER_PATH}/Moya.framework",
				"${TARGET_BUILD_DIR}/${FRAMEWORKS_FOLDER_PATH}/Neon.framework",
				"${TARGET_BUILD_DIR}/${FRAMEWORKS_FOLDER_PATH}/Result.framework",
				"${TARGET_BUILD_DIR}/${FRAMEWORKS_FOLDER_PATH}/Starscream.framework",
			);
			runOnlyForDeploymentPostprocessing = 0;
			shellPath = /bin/sh;
			shellScript = "\"${SRCROOT}/Pods/Target Support Files/Pods-BrakhQ/Pods-BrakhQ-frameworks.sh\"\n";
			showEnvVarsInLog = 0;
		};
		3CE4431A27476D8272803A30 /* [CP] Check Pods Manifest.lock */ = {
			isa = PBXShellScriptBuildPhase;
			buildActionMask = 2147483647;
			files = (
			);
			inputFileListPaths = (
			);
			inputPaths = (
				"${PODS_PODFILE_DIR_PATH}/Podfile.lock",
				"${PODS_ROOT}/Manifest.lock",
			);
			name = "[CP] Check Pods Manifest.lock";
			outputFileListPaths = (
			);
			outputPaths = (
				"$(DERIVED_FILE_DIR)/Pods-BrakhQ-checkManifestLockResult.txt",
			);
			runOnlyForDeploymentPostprocessing = 0;
			shellPath = /bin/sh;
			shellScript = "diff \"${PODS_PODFILE_DIR_PATH}/Podfile.lock\" \"${PODS_ROOT}/Manifest.lock\" > /dev/null\nif [ $? != 0 ] ; then\n    # print error to STDERR\n    echo \"error: The sandbox is not in sync with the Podfile.lock. Run 'pod install' or update your CocoaPods installation.\" >&2\n    exit 1\nfi\n# This output is used by Xcode 'outputs' to avoid re-running this script phase.\necho \"SUCCESS\" > \"${SCRIPT_OUTPUT_FILE_0}\"\n";
			showEnvVarsInLog = 0;
		};
/* End PBXShellScriptBuildPhase section */

/* Begin PBXSourcesBuildPhase section */
		F301AB1B22573DD800FA5412 /* Sources */ = {
			isa = PBXSourcesBuildPhase;
			buildActionMask = 2147483647;
			files = (
				F319F8EA225BD7F3009DDA7B /* LoginViewController.swift in Sources */,
				F301AB2522573DD800FA5412 /* StartViewController.swift in Sources */,
				F3CCDB1D228313900049AF51 /* FeedCashe.swift in Sources */,
				F3A731E2227EDA300059233E /* UIViewControllerExt.swift in Sources */,
				F3DB0F0B2280A35000A9F436 /* DateExt.swift in Sources */,
				F3A731F4227FAED00059233E /* AuthEnums.swift in Sources */,
				F319F8DC225BC25E009DDA7B /* Queue.swift in Sources */,
				F3DE2E6622674B86002E5810 /* CreateEventViewModel.swift in Sources */,
				F3A731D4227E26FA0059233E /* UpdateProfileViewModel.swift in Sources */,
				F3D316542288697D005ED23E /* StringExt.swift in Sources */,
				F319F8FC225C9207009DDA7B /* WebSocketApi.swift in Sources */,
				F3B85776228C47AD00E5A383 /* NotificationsAPIProvider.swift in Sources */,
				F3CCDB2E2283460B0049AF51 /* DataManager.swift in Sources */,
				F3DB0F0422808A1B00A9F436 /* UserDefaultsEnums.swift in Sources */,
				F3A731F8227FAF7C0059233E /* FeedEnums.swift in Sources */,
				F3CCDB26228334770049AF51 /* AuthManager.swift in Sources */,
				F3DE2E6222674B5D002E5810 /* EditEventViewModel.swift in Sources */,
				F3DE2E7222674BE9002E5810 /* RegistrationViewModel.swift in Sources */,
				F3D3165022883690005ED23E /* WebSockets.swift in Sources */,
				F334BE1D2289663100BF811A /* VKViewController.swift in Sources */,
				F3A731E8227F68FA0059233E /* EventInfoViewController.swift in Sources */,
				F3A731E4227F10DA0059233E /* BrakhQLogoView.swift in Sources */,
				F3A731CA227DADD50059233E /* QueueManagerViewController.swift in Sources */,
				F3A731D2227E26E70059233E /* UpdateProfileViewController.swift in Sources */,
				F301AB2322573DD800FA5412 /* AppDelegate.swift in Sources */,
				F3DB0F0D2280AC8B00A9F436 /* Token.swift in Sources */,
				F3DB0F0622808D7100A9F436 /* LaunchViewController.swift in Sources */,
				F3DE78D0228A1C43000B2DA8 /* EmptyBackgroundView.swift in Sources */,
				F319F911225CABD3009DDA7B /* RegistrationViewController.swift in Sources */,
				F319F8DE225BCA23009DDA7B /* Place.swift in Sources */,
				F3A731CC227DADFB0059233E /* QueueManagerViewModel.swift in Sources */,
				F319F8D0225B8A67009DDA7B /* EventViewController.swift in Sources */,
				F3DE2E7A22674C26002E5810 /* SettingsViewModel.swift in Sources */,
				F3A731F1227FAE060059233E /* UserAPIProvider.swift in Sources */,
				F3A731EA227F70440059233E /* SiteTableViewCell.swift in Sources */,
				F3CCDB2C22833FE80049AF51 /* FailureInfoView.swift in Sources */,
				F319F91D225CAC44009DDA7B /* SettingsViewController.swift in Sources */,
				F3A731EF227FADF00059233E /* QueueAPIProvider.swift in Sources */,
				F319F8DA225BC11C009DDA7B /* User.swift in Sources */,
				F3A731C5227D9C000059233E /* EventCalendarNavigationController.swift in Sources */,
				F3CCDB21228316280049AF51 /* PlaceCashe.swift in Sources */,
				F3DE2E6E22674BCD002E5810 /* EventViewModel.swift in Sources */,
				F3DE2E7622674C0D002E5810 /* LoginViewModel.swift in Sources */,
				F3CCDB1F2283161D0049AF51 /* QueueCashe.swift in Sources */,
				F3DE2E7C22674C33002E5810 /* SettingsNavigationController.swift in Sources */,
				F3A731D9227E3C760059233E /* EventTableViewCell.swift in Sources */,
				F3A731C8227DADAD0059233E /* QueueManagerNavigationController.swift in Sources */,
				F3D3164E2288350D005ED23E /* WSEnums.swift in Sources */,
				F319F927225CAD97009DDA7B /* CreateEventViewController.swift in Sources */,
				F319F93D225CAF39009DDA7B /* EventCalendarViewController.swift in Sources */,
				F3CCDB232283163D0049AF51 /* UserCashe.swift in Sources */,
				F3A731ED227FADC60059233E /* AuthProvider.swift in Sources */,
				F319F8E2225BCBB6009DDA7B /* Responses.swift in Sources */,
				F319F932225CAE2B009DDA7B /* EditEventViewController.swift in Sources */,
				F3A731F6227FAF6E0059233E /* QueueEnums.swift in Sources */,
			);
			runOnlyForDeploymentPostprocessing = 0;
		};
/* End PBXSourcesBuildPhase section */

/* Begin PBXVariantGroup section */
		F301AB2622573DD800FA5412 /* Main.storyboard */ = {
			isa = PBXVariantGroup;
			children = (
				F301AB2722573DD800FA5412 /* Base */,
				F334BE202289FC5700BF811A /* ru */,
				F334BE232289FC6A00BF811A /* en */,
			);
			name = Main.storyboard;
			sourceTree = "<group>";
		};
		F301AB2B22573DDA00FA5412 /* LaunchScreen.storyboard */ = {
			isa = PBXVariantGroup;
			children = (
				F301AB2C22573DDA00FA5412 /* Base */,
				F334BE1F2289FC4300BF811A /* en */,
				F334BE212289FC5700BF811A /* ru */,
			);
			name = LaunchScreen.storyboard;
			sourceTree = "<group>";
		};
		F334BE262289FC8700BF811A /* Event.storyboard */ = {
			isa = PBXVariantGroup;
			children = (
				F334BE252289FC8700BF811A /* Base */,
				F334BE282289FC9000BF811A /* ru */,
				F334BE2A2289FC9A00BF811A /* en */,
			);
			name = Event.storyboard;
			sourceTree = "<group>";
		};
		F334BE2D2289FCB100BF811A /* QueueManager.storyboard */ = {
			isa = PBXVariantGroup;
			children = (
				F334BE2C2289FCB100BF811A /* Base */,
				F334BE2F2289FCBC00BF811A /* ru */,
				F334BE312289FCC300BF811A /* en */,
			);
			name = QueueManager.storyboard;
			sourceTree = "<group>";
		};
		F334BE342289FCCD00BF811A /* FailureInfoView.storyboard */ = {
			isa = PBXVariantGroup;
			children = (
				F334BE332289FCCD00BF811A /* Base */,
				F334BE362289FCD300BF811A /* ru */,
				F334BE382289FCDF00BF811A /* en */,
			);
			name = FailureInfoView.storyboard;
			sourceTree = "<group>";
		};
		F334BE3B2289FEE200BF811A /* Localizable.strings */ = {
			isa = PBXVariantGroup;
			children = (
				F334BE3A2289FEE200BF811A /* en */,
				F334BE3C2289FEE500BF811A /* ru */,
			);
			name = Localizable.strings;
			sourceTree = "<group>";
		};
		F3DE78C9228A1BD0000B2DA8 /* EmptyBackgroundView.xib */ = {
			isa = PBXVariantGroup;
			children = (
				F3DE78C8228A1BD0000B2DA8 /* Base */,
				F3DE78CB228A1BD3000B2DA8 /* en */,
				F3DE78CD228A1BD5000B2DA8 /* ru */,
			);
			name = EmptyBackgroundView.xib;
			sourceTree = "<group>";
		};
/* End PBXVariantGroup section */

/* Begin XCBuildConfiguration section */
		F301AB2F22573DDA00FA5412 /* Debug */ = {
			isa = XCBuildConfiguration;
			buildSettings = {
				ALWAYS_SEARCH_USER_PATHS = NO;
				CLANG_ANALYZER_LOCALIZABILITY_NONLOCALIZED = YES;
				CLANG_ANALYZER_NONNULL = YES;
				CLANG_ANALYZER_NUMBER_OBJECT_CONVERSION = YES_AGGRESSIVE;
				CLANG_CXX_LANGUAGE_STANDARD = "gnu++14";
				CLANG_CXX_LIBRARY = "libc++";
				CLANG_ENABLE_MODULES = YES;
				CLANG_ENABLE_OBJC_ARC = YES;
				CLANG_ENABLE_OBJC_WEAK = YES;
				CLANG_WARN_BLOCK_CAPTURE_AUTORELEASING = YES;
				CLANG_WARN_BOOL_CONVERSION = YES;
				CLANG_WARN_COMMA = YES;
				CLANG_WARN_CONSTANT_CONVERSION = YES;
				CLANG_WARN_DEPRECATED_OBJC_IMPLEMENTATIONS = YES;
				CLANG_WARN_DIRECT_OBJC_ISA_USAGE = YES_ERROR;
				CLANG_WARN_DOCUMENTATION_COMMENTS = YES;
				CLANG_WARN_EMPTY_BODY = YES;
				CLANG_WARN_ENUM_CONVERSION = YES;
				CLANG_WARN_INFINITE_RECURSION = YES;
				CLANG_WARN_INT_CONVERSION = YES;
				CLANG_WARN_NON_LITERAL_NULL_CONVERSION = YES;
				CLANG_WARN_OBJC_IMPLICIT_RETAIN_SELF = YES;
				CLANG_WARN_OBJC_LITERAL_CONVERSION = YES;
				CLANG_WARN_OBJC_ROOT_CLASS = YES_ERROR;
				CLANG_WARN_RANGE_LOOP_ANALYSIS = YES;
				CLANG_WARN_STRICT_PROTOTYPES = YES;
				CLANG_WARN_SUSPICIOUS_MOVE = YES;
				CLANG_WARN_UNGUARDED_AVAILABILITY = YES_AGGRESSIVE;
				CLANG_WARN_UNREACHABLE_CODE = YES;
				CLANG_WARN__DUPLICATE_METHOD_MATCH = YES;
				CODE_SIGN_IDENTITY = "iPhone Developer";
				COPY_PHASE_STRIP = NO;
				DEBUG_INFORMATION_FORMAT = dwarf;
				ENABLE_STRICT_OBJC_MSGSEND = YES;
				ENABLE_TESTABILITY = YES;
				GCC_C_LANGUAGE_STANDARD = gnu11;
				GCC_DYNAMIC_NO_PIC = NO;
				GCC_NO_COMMON_BLOCKS = YES;
				GCC_OPTIMIZATION_LEVEL = 0;
				GCC_PREPROCESSOR_DEFINITIONS = (
					"DEBUG=1",
					"$(inherited)",
				);
				GCC_WARN_64_TO_32_BIT_CONVERSION = YES;
				GCC_WARN_ABOUT_RETURN_TYPE = YES_ERROR;
				GCC_WARN_UNDECLARED_SELECTOR = YES;
				GCC_WARN_UNINITIALIZED_AUTOS = YES_AGGRESSIVE;
				GCC_WARN_UNUSED_FUNCTION = YES;
				GCC_WARN_UNUSED_VARIABLE = YES;
				IPHONEOS_DEPLOYMENT_TARGET = 12.2;
				MTL_ENABLE_DEBUG_INFO = INCLUDE_SOURCE;
				MTL_FAST_MATH = YES;
				ONLY_ACTIVE_ARCH = YES;
				SDKROOT = iphoneos;
				SWIFT_ACTIVE_COMPILATION_CONDITIONS = DEBUG;
				SWIFT_OPTIMIZATION_LEVEL = "-Onone";
			};
			name = Debug;
		};
		F301AB3022573DDA00FA5412 /* Release */ = {
			isa = XCBuildConfiguration;
			buildSettings = {
				ALWAYS_SEARCH_USER_PATHS = NO;
				CLANG_ANALYZER_LOCALIZABILITY_NONLOCALIZED = YES;
				CLANG_ANALYZER_NONNULL = YES;
				CLANG_ANALYZER_NUMBER_OBJECT_CONVERSION = YES_AGGRESSIVE;
				CLANG_CXX_LANGUAGE_STANDARD = "gnu++14";
				CLANG_CXX_LIBRARY = "libc++";
				CLANG_ENABLE_MODULES = YES;
				CLANG_ENABLE_OBJC_ARC = YES;
				CLANG_ENABLE_OBJC_WEAK = YES;
				CLANG_WARN_BLOCK_CAPTURE_AUTORELEASING = YES;
				CLANG_WARN_BOOL_CONVERSION = YES;
				CLANG_WARN_COMMA = YES;
				CLANG_WARN_CONSTANT_CONVERSION = YES;
				CLANG_WARN_DEPRECATED_OBJC_IMPLEMENTATIONS = YES;
				CLANG_WARN_DIRECT_OBJC_ISA_USAGE = YES_ERROR;
				CLANG_WARN_DOCUMENTATION_COMMENTS = YES;
				CLANG_WARN_EMPTY_BODY = YES;
				CLANG_WARN_ENUM_CONVERSION = YES;
				CLANG_WARN_INFINITE_RECURSION = YES;
				CLANG_WARN_INT_CONVERSION = YES;
				CLANG_WARN_NON_LITERAL_NULL_CONVERSION = YES;
				CLANG_WARN_OBJC_IMPLICIT_RETAIN_SELF = YES;
				CLANG_WARN_OBJC_LITERAL_CONVERSION = YES;
				CLANG_WARN_OBJC_ROOT_CLASS = YES_ERROR;
				CLANG_WARN_RANGE_LOOP_ANALYSIS = YES;
				CLANG_WARN_STRICT_PROTOTYPES = YES;
				CLANG_WARN_SUSPICIOUS_MOVE = YES;
				CLANG_WARN_UNGUARDED_AVAILABILITY = YES_AGGRESSIVE;
				CLANG_WARN_UNREACHABLE_CODE = YES;
				CLANG_WARN__DUPLICATE_METHOD_MATCH = YES;
				CODE_SIGN_IDENTITY = "iPhone Developer";
				COPY_PHASE_STRIP = NO;
				DEBUG_INFORMATION_FORMAT = "dwarf-with-dsym";
				ENABLE_NS_ASSERTIONS = NO;
				ENABLE_STRICT_OBJC_MSGSEND = YES;
				GCC_C_LANGUAGE_STANDARD = gnu11;
				GCC_NO_COMMON_BLOCKS = YES;
				GCC_WARN_64_TO_32_BIT_CONVERSION = YES;
				GCC_WARN_ABOUT_RETURN_TYPE = YES_ERROR;
				GCC_WARN_UNDECLARED_SELECTOR = YES;
				GCC_WARN_UNINITIALIZED_AUTOS = YES_AGGRESSIVE;
				GCC_WARN_UNUSED_FUNCTION = YES;
				GCC_WARN_UNUSED_VARIABLE = YES;
				IPHONEOS_DEPLOYMENT_TARGET = 12.2;
				MTL_ENABLE_DEBUG_INFO = NO;
				MTL_FAST_MATH = YES;
				SDKROOT = iphoneos;
				SWIFT_COMPILATION_MODE = wholemodule;
				SWIFT_OPTIMIZATION_LEVEL = "-O";
				VALIDATE_PRODUCT = YES;
			};
			name = Release;
		};
		F301AB3222573DDA00FA5412 /* Debug */ = {
			isa = XCBuildConfiguration;
			baseConfigurationReference = 3F35BB86130F88BD175FE96A /* Pods-BrakhQ.debug.xcconfig */;
			buildSettings = {
				ASSETCATALOG_COMPILER_APPICON_NAME = AppIcon;
				CODE_SIGN_ENTITLEMENTS = BrakhQ/BrakhQ.entitlements;
				CODE_SIGN_IDENTITY = "iPhone Developer";
				CODE_SIGN_STYLE = Automatic;
				DEVELOPMENT_TEAM = 47K9CVZBFJ;
				INFOPLIST_FILE = BrakhQ/Info.plist;
				IPHONEOS_DEPLOYMENT_TARGET = 12.2;
				LD_RUNPATH_SEARCH_PATHS = (
					"$(inherited)",
					"@executable_path/Frameworks",
				);
				PRODUCT_BUNDLE_IDENTIFIER = men.brakh.BrakhQ;
				PRODUCT_NAME = "$(TARGET_NAME)";
				PROVISIONING_PROFILE_SPECIFIER = "";
				SWIFT_OPTIMIZATION_LEVEL = "-O";
				SWIFT_VERSION = 5.0;
				TARGETED_DEVICE_FAMILY = "1,2";
			};
			name = Debug;
		};
		F301AB3322573DDA00FA5412 /* Release */ = {
			isa = XCBuildConfiguration;
			baseConfigurationReference = 1532658E0D2CFF0A0B2CEADF /* Pods-BrakhQ.release.xcconfig */;
			buildSettings = {
				ASSETCATALOG_COMPILER_APPICON_NAME = AppIcon;
				CODE_SIGN_ENTITLEMENTS = BrakhQ/BrakhQ.entitlements;
				CODE_SIGN_IDENTITY = "iPhone Developer";
				CODE_SIGN_STYLE = Automatic;
				DEVELOPMENT_TEAM = 47K9CVZBFJ;
				INFOPLIST_FILE = BrakhQ/Info.plist;
				IPHONEOS_DEPLOYMENT_TARGET = 12.2;
				LD_RUNPATH_SEARCH_PATHS = (
					"$(inherited)",
					"@executable_path/Frameworks",
				);
				PRODUCT_BUNDLE_IDENTIFIER = men.brakh.BrakhQ;
				PRODUCT_NAME = "$(TARGET_NAME)";
				PROVISIONING_PROFILE_SPECIFIER = "";
				SWIFT_OPTIMIZATION_LEVEL = "-O";
				SWIFT_VERSION = 5.0;
				TARGETED_DEVICE_FAMILY = "1,2";
			};
			name = Release;
		};
/* End XCBuildConfiguration section */

/* Begin XCConfigurationList section */
		F301AB1A22573DD800FA5412 /* Build configuration list for PBXProject "BrakhQ" */ = {
			isa = XCConfigurationList;
			buildConfigurations = (
				F301AB2F22573DDA00FA5412 /* Debug */,
				F301AB3022573DDA00FA5412 /* Release */,
			);
			defaultConfigurationIsVisible = 0;
			defaultConfigurationName = Release;
		};
		F301AB3122573DDA00FA5412 /* Build configuration list for PBXNativeTarget "BrakhQ" */ = {
			isa = XCConfigurationList;
			buildConfigurations = (
				F301AB3222573DDA00FA5412 /* Debug */,
				F301AB3322573DDA00FA5412 /* Release */,
			);
			defaultConfigurationIsVisible = 0;
			defaultConfigurationName = Release;
		};
/* End XCConfigurationList section */
	};
	rootObject = F301AB1722573DD800FA5412 /* Project object */;
}
