PODS:
  - Alamofire (4.8.2)
  - CalendarKit (0.6.0):
    - DateToolsSwift
    - Neon
  - DataCache (1.5)
  - DateToolsSwift (4.0.0)
  - Eureka (5.0.0)
  - KeychainSwift (15.0.0)
  - Moya (13.0.1):
    - Moya/Core (= 13.0.1)
  - Moya/Core (13.0.1):
    - Alamofire (~> 4.1)
    - Result (~> 4.1)
  - Neon (0.4.0)
  - Result (4.1.0)
  - Starscream (3.1.0)

DEPENDENCIES:
  - CalendarKit
  - DataCache
  - Eureka
  - KeychainSwift (~> 15.0)
  - Moya (~> 13.0)
  - Starscream (~> 3.1)

SPEC REPOS:
  https://github.com/cocoapods/specs.git:
    - Alamofire
    - CalendarKit
    - DataCache
    - DateToolsSwift
    - Eureka
    - KeychainSwift
    - Moya
    - Neon
    - Result
    - Starscream

SPEC CHECKSUMS:
  Alamofire: ae5c501addb7afdbb13687d7f2f722c78734c2d3
  CalendarKit: ef7788f69da834471b5f20d87aa7ca1116fbd775
  DataCache: 8099e01aa35c2fd30f3410aae14ef5a130f6524b
  DateToolsSwift: 875d97ff9e3a5d54abdd67a269b3f51c757b71ab
  Eureka: 0f64f477ec8ef6201c6fec143d60ff5c201cf654
  KeychainSwift: c6fc018d287804faf1ce3f258a1e51a7178c8382
  Moya: f4a4b80ff2f8a4ffc208dfb31cd91636622fee6e
  Neon: 7fb5a9327e7e57911843f608e08f4893a74deaf9
  Result: bd966fac789cc6c1563440b348ab2598cc24d5c7
  Starscream: 08172b481e145289c4930cb567230fb55897cfa4

PODFILE CHECKSUM: f2fc713753fb798e6e687c07f8e06b0d0cc86a89

COCOAPODS: 1.5.3
